// !$*UTF8*$!
{
	archiveVersion = 1;
	classes = {
	};
	objectVersion = 46;
	objects = {

/* Begin PBXBuildFile section */
		2A87AEFF1BD13C1F00B9247F /* main.swift in Sources */ = {isa = PBXBuildFile; fileRef = 2A87AEFE1BD13C1F00B9247F /* main.swift */; };
/* End PBXBuildFile section */

/* Begin PBXCopyFilesBuildPhase section */
		2A87AEF91BD13C1F00B9247F /* CopyFiles */ = {
			isa = PBXCopyFilesBuildPhase;
			buildActionMask = 2147483647;
			dstPath = /usr/share/man/man1/;
			dstSubfolderSpec = 0;
			files = (
			);
			runOnlyForDeploymentPostprocessing = 1;
		};
/* End PBXCopyFilesBuildPhase section */

/* Begin PBXFileReference section */
		2A87AEFB1BD13C1F00B9247F /* dumppdf */ = {isa = PBXFileReference; explicitFileType = "compiled.mach-o.executable"; includeInIndex = 0; path = dumppdf; sourceTree = BUILT_PRODUCTS_DIR; };
		2A87AEFE1BD13C1F00B9247F /* main.swift */ = {isa = PBXFileReference; lastKnownFileType = sourcecode.swift; path = main.swift; sourceTree = "<group>"; };
/* End PBXFileReference section */

/* Begin PBXFrameworksBuildPhase section */
		2A87AEF81BD13C1F00B9247F /* Frameworks */ = {
			isa = PBXFrameworksBuildPhase;
			buildActionMask = 2147483647;
			files = (
			);
			runOnlyForDeploymentPostprocessing = 0;
		};
/* End PBXFrameworksBuildPhase section */

/* Begin PBXGroup section */
		2A87AEF21BD13C1F00B9247F = {
			isa = PBXGroup;
			children = (
				2A87AEFD1BD13C1F00B9247F /* dumppdf */,
				2A87AEFC1BD13C1F00B9247F /* Products */,
			);
			sourceTree = "<group>";
		};
		2A87AEFC1BD13C1F00B9247F /* Products */ = {
			isa = PBXGroup;
			children = (
				2A87AEFB1BD13C1F00B9247F /* dumppdf */,
			);
			name = Products;
			sourceTree = "<group>";
		};
		2A87AEFD1BD13C1F00B9247F /* dumppdf */ = {
			isa = PBXGroup;
			children = (
				2A87AEFE1BD13C1F00B9247F /* main.swift */,
			);
			path = dumppdf;
			sourceTree = "<group>";
		};
/* End PBXGroup section */

/* Begin PBXNativeTarget section */
		2A87AEFA1BD13C1F00B9247F /* dumppdf */ = {
			isa = PBXNativeTarget;
			buildConfigurationList = 2A87AF021BD13C1F00B9247F /* Build configuration list for PBXNativeTarget "dumppdf" */;
			buildPhases = (
				2A87AEF71BD13C1F00B9247F /* Sources */,
				2A87AEF81BD13C1F00B9247F /* Frameworks */,
				2A87AEF91BD13C1F00B9247F /* CopyFiles */,
			);
			buildRules = (
			);
			dependencies = (
			);
			name = dumppdf;
			productName = dumppdf;
			productReference = 2A87AEFB1BD13C1F00B9247F /* dumppdf */;
			productType = "com.apple.product-type.tool";
		};
/* End PBXNativeTarget section */

/* Begin PBXProject section */
		2A87AEF31BD13C1F00B9247F /* Project object */ = {
			isa = PBXProject;
			attributes = {
				LastUpgradeCheck = 0700;
				ORGANIZATIONNAME = "Rodney Dyer";
				TargetAttributes = {
					2A87AEFA1BD13C1F00B9247F = {
						CreatedOnToolsVersion = 7.0;
					};
				};
			};
			buildConfigurationList = 2A87AEF61BD13C1F00B9247F /* Build configuration list for PBXProject "dumppdf" */;
			compatibilityVersion = "Xcode 3.2";
			developmentRegion = English;
			hasScannedForEncodings = 0;
			knownRegions = (
				en,
			);
			mainGroup = 2A87AEF21BD13C1F00B9247F;
			productRefGroup = 2A87AEFC1BD13C1F00B9247F /* Products */;
			projectDirPath = "";
			projectRoot = "";
			targets = (
				2A87AEFA1BD13C1F00B9247F /* dumppdf */,
			);
		};
/* End PBXProject section */

/* Begin PBXSourcesBuildPhase section */
		2A87AEF71BD13C1F00B9247F /* Sources */ = {
			isa = PBXSourcesBuildPhase;
			buildActionMask = 2147483647;
			files = (
				2A87AEFF1BD13C1F00B9247F /* main.swift in Sources */,
			);
			runOnlyForDeploymentPostprocessing = 0;
		};
/* End PBXSourcesBuildPhase section */

/* Begin XCBuildConfiguration section */
		2A87AF001BD13C1F00B9247F /* Debug */ = {
			isa = XCBuildConfiguration;
			buildSettings = {
				ALWAYS_SEARCH_USER_PATHS = NO;
				CLANG_CXX_LANGUAGE_STANDARD = "gnu++0x";
				CLANG_CXX_LIBRARY = "libc++";
				CLANG_ENABLE_MODULES = YES;
				CLANG_ENABLE_OBJC_ARC = YES;
				CLANG_WARN_BOOL_CONVERSION = YES;
				CLANG_WARN_CONSTANT_CONVERSION = YES;
				CLANG_WARN_DIRECT_OBJC_ISA_USAGE = YES_ERROR;
				CLANG_WARN_EMPTY_BODY = YES;
				CLANG_WARN_ENUM_CONVERSION = YES;
				CLANG_WARN_INT_CONVERSION = YES;
				CLANG_WARN_OBJC_ROOT_CLASS = YES_ERROR;
				CLANG_WARN_UNREACHABLE_CODE = YES;
				CLANG_WARN__DUPLICATE_METHOD_MATCH = YES;
				COPY_PHASE_STRIP = NO;
				DEBUG_INFORMATION_FORMAT = dwarf;
				ENABLE_STRICT_OBJC_MSGSEND = YES;
				ENABLE_TESTABILITY = YES;
				GCC_C_LANGUAGE_STANDARD = gnu99;
				GCC_DYNAMIC_NO_PIC = NO;
				GCC_NO_COMMON_BLOCKS = YES;
				GCC_OPTIMIZATION_LEVEL = 0;
				GCC_PREPROCESSOR_DEFINITIONS = (
					"DEBUG=1",
					"$(inherited)",
				);
				GCC_WARN_64_TO_32_BIT_CONVERSION = YES;
				GCC_WARN_ABOUT_RETURN_TYPE = YES_ERROR;
				GCC_WARN_UNDECLARED_SELECTOR = YES;
				GCC_WARN_UNINITIALIZED_AUTOS = YES_AGGRESSIVE;
				GCC_WARN_UNUSED_FUNCTION = YES;
				GCC_WARN_UNUSED_VARIABLE = YES;
				MACOSX_DEPLOYMENT_TARGET = 10.11;
				MTL_ENABLE_DEBUG_INFO = YES;
				ONLY_ACTIVE_ARCH = YES;
				SDKROOT = macosx;
				SWIFT_OPTIMIZATION_LEVEL = "-Onone";
			};
			name = Debug;
		};
		2A87AF011BD13C1F00B9247F /* Release */ = {
			isa = XCBuildConfiguration;
			buildSettings = {
				ALWAYS_SEARCH_USER_PATHS = NO;
				CLANG_CXX_LANGUAGE_STANDARD = "gnu++0x";
				CLANG_CXX_LIBRARY = "libc++";
				CLANG_ENABLE_MODULES = YES;
				CLANG_ENABLE_OBJC_ARC = YES;
				CLANG_WARN_BOOL_CONVERSION = YES;
				CLANG_WARN_CONSTANT_CONVERSION = YES;
				CLANG_WARN_DIRECT_OBJC_ISA_USAGE = YES_ERROR;
				CLANG_WARN_EMPTY_BODY = YES;
				CLANG_WARN_ENUM_CONVERSION = YES;
				CLANG_WARN_INT_CONVERSION = YES;
				CLANG_WARN_OBJC_ROOT_CLASS = YES_ERROR;
				CLANG_WARN_UNREACHABLE_CODE = YES;
				CLANG_WARN__DUPLICATE_METHOD_MATCH = YES;
				COPY_PHASE_STRIP = NO;
				DEBUG_INFORMATION_FORMAT = "dwarf-with-dsym";
				ENABLE_NS_ASSERTIONS = NO;
				ENABLE_STRICT_OBJC_MSGSEND = YES;
				GCC_C_LANGUAGE_STANDARD = gnu99;
				GCC_NO_COMMON_BLOCKS = YES;
				GCC_WARN_64_TO_32_BIT_CONVERSION = YES;
				GCC_WARN_ABOUT_RETURN_TYPE = YES_ERROR;
				GCC_WARN_UNDECLARED_SELECTOR = YES;
				GCC_WARN_UNINITIALIZED_AUTOS = YES_AGGRESSIVE;
				GCC_WARN_UNUSED_FUNCTION = YES;
				GCC_WARN_UNUSED_VARIABLE = YES;
				MACOSX_DEPLOYMENT_TARGET = 10.11;
				MTL_ENABLE_DEBUG_INFO = NO;
				SDKROOT = macosx;
			};
			name = Release;
		};
		2A87AF031BD13C1F00B9247F /* Debug */ = {
			isa = XCBuildConfiguration;
			buildSettings = {
				PRODUCT_NAME = "$(TARGET_NAME)";
			};
			name = Debug;
		};
		2A87AF041BD13C1F00B9247F /* Release */ = {
			isa = XCBuildConfiguration;
			buildSettings = {
				PRODUCT_NAME = "$(TARGET_NAME)";
			};
			name = Release;
		};
/* End XCBuildConfiguration section */

/* Begin XCConfigurationList section */
		2A87AEF61BD13C1F00B9247F /* Build configuration list for PBXProject "dumppdf" */ = {
			isa = XCConfigurationList;
			buildConfigurations = (
				2A87AF001BD13C1F00B9247F /* Debug */,
				2A87AF011BD13C1F00B9247F /* Release */,
			);
			defaultConfigurationIsVisible = 0;
			defaultConfigurationName = Release;
		};
		2A87AF021BD13C1F00B9247F /* Build configuration list for PBXNativeTarget "dumppdf" */ = {
			isa = XCConfigurationList;
			buildConfigurations = (
				2A87AF031BD13C1F00B9247F /* Debug */,
				2A87AF041BD13C1F00B9247F /* Release */,
			);
			defaultConfigurationIsVisible = 0;
		};
/* End XCConfigurationList section */
	};
	rootObject = 2A87AEF31BD13C1F00B9247F /* Project object */;
}
